
Microsoft Visual Studio Solution File, Format Version 12.00
# Visual Studio Version 17
VisualStudioVersion = 17.3.32922.545
MinimumVisualStudioVersion = 10.0.40219.1
Project("{FAE04EC0-301F-11D3-BF4B-00C04F79EFBC}") = "portafolio", "portafolio\portafolio.csproj", "{05D2EA52-5800-4C4D-8032-33E013B1D07C}"
EndProject
Global
	GlobalSection(SolutionConfigurationPlatforms) = preSolution
		Debug|Any CPU = Debug|Any CPU
		Release|Any CPU = Release|Any CPU
	EndGlobalSection
	GlobalSection(ProjectConfigurationPlatforms) = postSolution
		{05D2EA52-5800-4C4D-8032-33E013B1D07C}.Debug|Any CPU.ActiveCfg = Debug|Any CPU
		{05D2EA52-5800-4C4D-8032-33E013B1D07C}.Debug|Any CPU.Build.0 = Debug|Any CPU
		{05D2EA52-5800-4C4D-8032-33E013B1D07C}.Release|Any CPU.ActiveCfg = Release|Any CPU
		{05D2EA52-5800-4C4D-8032-33E013B1D07C}.Release|Any CPU.Build.0 = Release|Any CPU
	EndGlobalSection
	GlobalSection(SolutionProperties) = preSolution
		HideSolutionNode = FALSE
	EndGlobalSection
	GlobalSection(ExtensibilityGlobals) = postSolution
		SolutionGuid = {3637C4F7-E2BC-4B10-AC35-72DB3966E53B}
	EndGlobalSection
EndGlobal
